
Microsoft Visual Studio Solution File, Format Version 12.00
# Visual Studio Version 16
VisualStudioVersion = 16.0.31410.357
MinimumVisualStudioVersion = 10.0.40219.1
Project("{FAE04EC0-301F-11D3-BF4B-00C04F79EFBC}") = "GameProjectDemo", "GameProjectDemo.csproj", "{B897888F-7BBF-452E-BB8E-A00275935C93}"
EndProject
Global
	GlobalSection(SolutionConfigurationPlatforms) = preSolution
		Debug|Any CPU = Debug|Any CPU
		Release|Any CPU = Release|Any CPU
	EndGlobalSection
	GlobalSection(ProjectConfigurationPlatforms) = postSolution
		{B897888F-7BBF-452E-BB8E-A00275935C93}.Debug|Any CPU.ActiveCfg = Debug|Any CPU
		{B897888F-7BBF-452E-BB8E-A00275935C93}.Debug|Any CPU.Build.0 = Debug|Any CPU
		{B897888F-7BBF-452E-BB8E-A00275935C93}.Release|Any CPU.ActiveCfg = Release|Any CPU
		{B897888F-7BBF-452E-BB8E-A00275935C93}.Release|Any CPU.Build.0 = Release|Any CPU
	EndGlobalSection
	GlobalSection(SolutionProperties) = preSolution
		HideSolutionNode = FALSE
	EndGlobalSection
	GlobalSection(ExtensibilityGlobals) = postSolution
		SolutionGuid = {27FC63F0-C277-4DDF-A729-CAD214413B43}
	EndGlobalSection
EndGlobal
